// !$*UTF8*$!
{
	archiveVersion = 1;
	classes = {
	};
	objectVersion = 55;
	objects = {

/* Begin PBXBuildFile section */
		152B8A47296962160061F5DD /* TCPConnect.swift in Sources */ = {isa = PBXBuildFile; fileRef = 152B8A46296962160061F5DD /* TCPConnect.swift */; };
		15E1C62A282369F700328451 /* AppDelegate.swift in Sources */ = {isa = PBXBuildFile; fileRef = 15E1C629282369F700328451 /* AppDelegate.swift */; };
		15E1C62C282369F700328451 /* SceneDelegate.swift in Sources */ = {isa = PBXBuildFile; fileRef = 15E1C62B282369F700328451 /* SceneDelegate.swift */; };
		15E1C62E282369F700328451 /* ViewController.swift in Sources */ = {isa = PBXBuildFile; fileRef = 15E1C62D282369F700328451 /* ViewController.swift */; };
		15E1C631282369F700328451 /* Main.storyboard in Resources */ = {isa = PBXBuildFile; fileRef = 15E1C62F282369F700328451 /* Main.storyboard */; };
		15E1C633282369F800328451 /* Assets.xcassets in Resources */ = {isa = PBXBuildFile; fileRef = 15E1C632282369F800328451 /* Assets.xcassets */; };
		15E1C636282369F800328451 /* LaunchScreen.storyboard in Resources */ = {isa = PBXBuildFile; fileRef = 15E1C634282369F800328451 /* LaunchScreen.storyboard */; };
		15E1C63E28236A0E00328451 /* TcpServer.swift in Sources */ = {isa = PBXBuildFile; fileRef = 15E1C63D28236A0E00328451 /* TcpServer.swift */; };
		15E1C64028236B2600328451 /* GetIP.swift in Sources */ = {isa = PBXBuildFile; fileRef = 15E1C63F28236B2600328451 /* GetIP.swift */; };
/* End PBXBuildFile section */

/* Begin PBXFileReference section */
		152B8A46296962160061F5DD /* TCPConnect.swift */ = {isa = PBXFileReference; lastKnownFileType = sourcecode.swift; path = TCPConnect.swift; sourceTree = "<group>"; };
		15E1C626282369F700328451 /* TCPServer.app */ = {isa = PBXFileReference; explicitFileType = wrapper.application; includeInIndex = 0; path = TCPServer.app; sourceTree = BUILT_PRODUCTS_DIR; };
		15E1C629282369F700328451 /* AppDelegate.swift */ = {isa = PBXFileReference; lastKnownFileType = sourcecode.swift; path = AppDelegate.swift; sourceTree = "<group>"; };
		15E1C62B282369F700328451 /* SceneDelegate.swift */ = {isa = PBXFileReference; lastKnownFileType = sourcecode.swift; path = SceneDelegate.swift; sourceTree = "<group>"; };
		15E1C62D282369F700328451 /* ViewController.swift */ = {isa = PBXFileReference; lastKnownFileType = sourcecode.swift; path = ViewController.swift; sourceTree = "<group>"; };
		15E1C630282369F700328451 /* Base */ = {isa = PBXFileReference; lastKnownFileType = file.storyboard; name = Base; path = Base.lproj/Main.storyboard; sourceTree = "<group>"; };
		15E1C632282369F800328451 /* Assets.xcassets */ = {isa = PBXFileReference; lastKnownFileType = folder.assetcatalog; path = Assets.xcassets; sourceTree = "<group>"; };
		15E1C635282369F800328451 /* Base */ = {isa = PBXFileReference; lastKnownFileType = file.storyboard; name = Base; path = Base.lproj/LaunchScreen.storyboard; sourceTree = "<group>"; };
		15E1C637282369F800328451 /* Info.plist */ = {isa = PBXFileReference; lastKnownFileType = text.plist.xml; path = Info.plist; sourceTree = "<group>"; };
		15E1C63D28236A0E00328451 /* TcpServer.swift */ = {isa = PBXFileReference; lastKnownFileType = sourcecode.swift; path = TcpServer.swift; sourceTree = "<group>"; };
		15E1C63F28236B2600328451 /* GetIP.swift */ = {isa = PBXFileReference; fileEncoding = 4; lastKnownFileType = sourcecode.swift; path = GetIP.swift; sourceTree = "<group>"; };
/* End PBXFileReference section */

/* Begin PBXFrameworksBuildPhase section */
		15E1C623282369F700328451 /* Frameworks */ = {
			isa = PBXFrameworksBuildPhase;
			buildActionMask = 2147483647;
			files = (
			);
			runOnlyForDeploymentPostprocessing = 0;
		};
/* End PBXFrameworksBuildPhase section */

/* Begin PBXGroup section */
		15E1C61D282369F700328451 = {
			isa = PBXGroup;
			children = (
				15E1C628282369F700328451 /* TCPServer */,
				15E1C627282369F700328451 /* Products */,
			);
			sourceTree = "<group>";
		};
		15E1C627282369F700328451 /* Products */ = {
			isa = PBXGroup;
			children = (
				15E1C626282369F700328451 /* TCPServer.app */,
			);
			name = Products;
			sourceTree = "<group>";
		};
		15E1C628282369F700328451 /* TCPServer */ = {
			isa = PBXGroup;
			children = (
				15E1C629282369F700328451 /* AppDelegate.swift */,
				15E1C62B282369F700328451 /* SceneDelegate.swift */,
				15E1C62D282369F700328451 /* ViewController.swift */,
				15E1C63D28236A0E00328451 /* TcpServer.swift */,
				152B8A46296962160061F5DD /* TCPConnect.swift */,
				15E1C63F28236B2600328451 /* GetIP.swift */,
				15E1C62F282369F700328451 /* Main.storyboard */,
				15E1C632282369F800328451 /* Assets.xcassets */,
				15E1C634282369F800328451 /* LaunchScreen.storyboard */,
				15E1C637282369F800328451 /* Info.plist */,
			);
			path = TCPServer;
			sourceTree = "<group>";
		};
/* End PBXGroup section */

/* Begin PBXNativeTarget section */
		15E1C625282369F700328451 /* TCPServer */ = {
			isa = PBXNativeTarget;
			buildConfigurationList = 15E1C63A282369F800328451 /* Build configuration list for PBXNativeTarget "TCPServer" */;
			buildPhases = (
				15E1C622282369F700328451 /* Sources */,
				15E1C623282369F700328451 /* Frameworks */,
				15E1C624282369F700328451 /* Resources */,
			);
			buildRules = (
			);
			dependencies = (
			);
			name = TCPServer;
			productName = TCPServer;
			productReference = 15E1C626282369F700328451 /* TCPServer.app */;
			productType = "com.apple.product-type.application";
		};
/* End PBXNativeTarget section */

/* Begin PBXProject section */
		15E1C61E282369F700328451 /* Project object */ = {
			isa = PBXProject;
			attributes = {
				BuildIndependentTargetsInParallel = 1;
				LastSwiftUpdateCheck = 1330;
				LastUpgradeCheck = 1330;
				TargetAttributes = {
					15E1C625282369F700328451 = {
						CreatedOnToolsVersion = 13.3;
					};
				};
			};
			buildConfigurationList = 15E1C621282369F700328451 /* Build configuration list for PBXProject "TCPServer" */;
			compatibilityVersion = "Xcode 13.0";
			developmentRegion = en;
			hasScannedForEncodings = 0;
			knownRegions = (
				en,
				Base,
			);
			mainGroup = 15E1C61D282369F700328451;
			productRefGroup = 15E1C627282369F700328451 /* Products */;
			projectDirPath = "";
			projectRoot = "";
			targets = (
				15E1C625282369F700328451 /* TCPServer */,
			);
		};
/* End PBXProject section */

/* Begin PBXResourcesBuildPhase section */
		15E1C624282369F700328451 /* Resources */ = {
			isa = PBXResourcesBuildPhase;
			buildActionMask = 2147483647;
			files = (
				15E1C636282369F800328451 /* LaunchScreen.storyboard in Resources */,
				15E1C633282369F800328451 /* Assets.xcassets in Resources */,
				15E1C631282369F700328451 /* Main.storyboard in Resources */,
			);
			runOnlyForDeploymentPostprocessing = 0;
		};
/* End PBXResourcesBuildPhase section */

/* Begin PBXSourcesBuildPhase section */
		15E1C622282369F700328451 /* Sources */ = {
			isa = PBXSourcesBuildPhase;
			buildActionMask = 2147483647;
			files = (
				152B8A47296962160061F5DD /* TCPConnect.swift in Sources */,
				15E1C63E28236A0E00328451 /* TcpServer.swift in Sources */,
				15E1C62E282369F700328451 /* ViewController.swift in Sources */,
				15E1C62A282369F700328451 /* AppDelegate.swift in Sources */,
				15E1C64028236B2600328451 /* GetIP.swift in Sources */,
				15E1C62C282369F700328451 /* SceneDelegate.swift in Sources */,
			);
			runOnlyForDeploymentPostprocessing = 0;
		};
/* End PBXSourcesBuildPhase section */

/* Begin PBXVariantGroup section */
		15E1C62F282369F700328451 /* Main.storyboard */ = {
			isa = PBXVariantGroup;
			children = (
				15E1C630282369F700328451 /* Base */,
			);
			name = Main.storyboard;
			sourceTree = "<group>";
		};
		15E1C634282369F800328451 /* LaunchScreen.storyboard */ = {
			isa = PBXVariantGroup;
			children = (
				15E1C635282369F800328451 /* Base */,
			);
			name = LaunchScreen.storyboard;
			sourceTree = "<group>";
		};
/* End PBXVariantGroup section */

/* Begin XCBuildConfiguration section */
		15E1C638282369F800328451 /* Debug */ = {
			isa = XCBuildConfiguration;
			buildSettings = {
				ALWAYS_SEARCH_USER_PATHS = NO;
				CLANG_ANALYZER_NONNULL = YES;
				CLANG_ANALYZER_NUMBER_OBJECT_CONVERSION = YES_AGGRESSIVE;
				CLANG_CXX_LANGUAGE_STANDARD = "gnu++17";
				CLANG_ENABLE_MODULES = YES;
				CLANG_ENABLE_OBJC_ARC = YES;
				CLANG_ENABLE_OBJC_WEAK = YES;
				CLANG_WARN_BLOCK_CAPTURE_AUTORELEASING = YES;
				CLANG_WARN_BOOL_CONVERSION = YES;
				CLANG_WARN_COMMA = YES;
				CLANG_WARN_CONSTANT_CONVERSION = YES;
				CLANG_WARN_DEPRECATED_OBJC_IMPLEMENTATIONS = YES;
				CLANG_WARN_DIRECT_OBJC_ISA_USAGE = YES_ERROR;
				CLANG_WARN_DOCUMENTATION_COMMENTS = YES;
				CLANG_WARN_EMPTY_BODY = YES;
				CLANG_WARN_ENUM_CONVERSION = YES;
				CLANG_WARN_INFINITE_RECURSION = YES;
				CLANG_WARN_INT_CONVERSION = YES;
				CLANG_WARN_NON_LITERAL_NULL_CONVERSION = YES;
				CLANG_WARN_OBJC_IMPLICIT_RETAIN_SELF = YES;
				CLANG_WARN_OBJC_LITERAL_CONVERSION = YES;
				CLANG_WARN_OBJC_ROOT_CLASS = YES_ERROR;
				CLANG_WARN_QUOTED_INCLUDE_IN_FRAMEWORK_HEADER = YES;
				CLANG_WARN_RANGE_LOOP_ANALYSIS = YES;
				CLANG_WARN_STRICT_PROTOTYPES = YES;
				CLANG_WARN_SUSPICIOUS_MOVE = YES;
				CLANG_WARN_UNGUARDED_AVAILABILITY = YES_AGGRESSIVE;
				CLANG_WARN_UNREACHABLE_CODE = YES;
				CLANG_WARN__DUPLICATE_METHOD_MATCH = YES;
				COPY_PHASE_STRIP = NO;
				DEBUG_INFORMATION_FORMAT = dwarf;
				ENABLE_STRICT_OBJC_MSGSEND = YES;
				ENABLE_TESTABILITY = YES;
				GCC_C_LANGUAGE_STANDARD = gnu11;
				GCC_DYNAMIC_NO_PIC = NO;
				GCC_NO_COMMON_BLOCKS = YES;
				GCC_OPTIMIZATION_LEVEL = 0;
				GCC_PREPROCESSOR_DEFINITIONS = (
					"DEBUG=1",
					"$(inherited)",
				);
				GCC_WARN_64_TO_32_BIT_CONVERSION = YES;
				GCC_WARN_ABOUT_RETURN_TYPE = YES_ERROR;
				GCC_WARN_UNDECLARED_SELECTOR = YES;
				GCC_WARN_UNINITIALIZED_AUTOS = YES_AGGRESSIVE;
				GCC_WARN_UNUSED_FUNCTION = YES;
				GCC_WARN_UNUSED_VARIABLE = YES;
				IPHONEOS_DEPLOYMENT_TARGET = 15.4;
				MTL_ENABLE_DEBUG_INFO = INCLUDE_SOURCE;
				MTL_FAST_MATH = YES;
				ONLY_ACTIVE_ARCH = YES;
				SDKROOT = iphoneos;
				SWIFT_ACTIVE_COMPILATION_CONDITIONS = DEBUG;
				SWIFT_OPTIMIZATION_LEVEL = "-Onone";
			};
			name = Debug;
		};
		15E1C639282369F800328451 /* Release */ = {
			isa = XCBuildConfiguration;
			buildSettings = {
				ALWAYS_SEARCH_USER_PATHS = NO;
				CLANG_ANALYZER_NONNULL = YES;
				CLANG_ANALYZER_NUMBER_OBJECT_CONVERSION = YES_AGGRESSIVE;
				CLANG_CXX_LANGUAGE_STANDARD = "gnu++17";
				CLANG_ENABLE_MODULES = YES;
				CLANG_ENABLE_OBJC_ARC = YES;
				CLANG_ENABLE_OBJC_WEAK = YES;
				CLANG_WARN_BLOCK_CAPTURE_AUTORELEASING = YES;
				CLANG_WARN_BOOL_CONVERSION = YES;
				CLANG_WARN_COMMA = YES;
				CLANG_WARN_CONSTANT_CONVERSION = YES;
				CLANG_WARN_DEPRECATED_OBJC_IMPLEMENTATIONS = YES;
				CLANG_WARN_DIRECT_OBJC_ISA_USAGE = YES_ERROR;
				CLANG_WARN_DOCUMENTATION_COMMENTS = YES;
				CLANG_WARN_EMPTY_BODY = YES;
				CLANG_WARN_ENUM_CONVERSION = YES;
				CLANG_WARN_INFINITE_RECURSION = YES;
				CLANG_WARN_INT_CONVERSION = YES;
				CLANG_WARN_NON_LITERAL_NULL_CONVERSION = YES;
				CLANG_WARN_OBJC_IMPLICIT_RETAIN_SELF = YES;
				CLANG_WARN_OBJC_LITERAL_CONVERSION = YES;
				CLANG_WARN_OBJC_ROOT_CLASS = YES_ERROR;
				CLANG_WARN_QUOTED_INCLUDE_IN_FRAMEWORK_HEADER = YES;
				CLANG_WARN_RANGE_LOOP_ANALYSIS = YES;
				CLANG_WARN_STRICT_PROTOTYPES = YES;
				CLANG_WARN_SUSPICIOUS_MOVE = YES;
				CLANG_WARN_UNGUARDED_AVAILABILITY = YES_AGGRESSIVE;
				CLANG_WARN_UNREACHABLE_CODE = YES;
				CLANG_WARN__DUPLICATE_METHOD_MATCH = YES;
				COPY_PHASE_STRIP = NO;
				DEBUG_INFORMATION_FORMAT = "dwarf-with-dsym";
				ENABLE_NS_ASSERTIONS = NO;
				ENABLE_STRICT_OBJC_MSGSEND = YES;
				GCC_C_LANGUAGE_STANDARD = gnu11;
				GCC_NO_COMMON_BLOCKS = YES;
				GCC_WARN_64_TO_32_BIT_CONVERSION = YES;
				GCC_WARN_ABOUT_RETURN_TYPE = YES_ERROR;
				GCC_WARN_UNDECLARED_SELECTOR = YES;
				GCC_WARN_UNINITIALIZED_AUTOS = YES_AGGRESSIVE;
				GCC_WARN_UNUSED_FUNCTION = YES;
				GCC_WARN_UNUSED_VARIABLE = YES;
				IPHONEOS_DEPLOYMENT_TARGET = 15.4;
				MTL_ENABLE_DEBUG_INFO = NO;
				MTL_FAST_MATH = YES;
				SDKROOT = iphoneos;
				SWIFT_COMPILATION_MODE = wholemodule;
				SWIFT_OPTIMIZATION_LEVEL = "-O";
				VALIDATE_PRODUCT = YES;
			};
			name = Release;
		};
		15E1C63B282369F800328451 /* Debug */ = {
			isa = XCBuildConfiguration;
			buildSettings = {
				ASSETCATALOG_COMPILER_APPICON_NAME = AppIcon;
				ASSETCATALOG_COMPILER_GLOBAL_ACCENT_COLOR_NAME = AccentColor;
				CODE_SIGN_STYLE = Automatic;
				CURRENT_PROJECT_VERSION = 1;
				DEVELOPMENT_TEAM = 2Q39S762VC;
				GENERATE_INFOPLIST_FILE = YES;
				INFOPLIST_FILE = TCPServer/Info.plist;
				INFOPLIST_KEY_UIApplicationSupportsIndirectInputEvents = YES;
				INFOPLIST_KEY_UILaunchStoryboardName = LaunchScreen;
				INFOPLIST_KEY_UIMainStoryboardFile = Main;
				INFOPLIST_KEY_UISupportedInterfaceOrientations_iPad = "UIInterfaceOrientationPortrait UIInterfaceOrientationPortraitUpsideDown UIInterfaceOrientationLandscapeLeft UIInterfaceOrientationLandscapeRight";
				INFOPLIST_KEY_UISupportedInterfaceOrientations_iPhone = "UIInterfaceOrientationPortrait UIInterfaceOrientationLandscapeLeft UIInterfaceOrientationLandscapeRight";
				LD_RUNPATH_SEARCH_PATHS = (
					"$(inherited)",
					"@executable_path/Frameworks",
				);
				MARKETING_VERSION = 1.0;
				PRODUCT_BUNDLE_IDENTIFIER = com.charder.TCPServer;
				PRODUCT_NAME = "$(TARGET_NAME)";
				SWIFT_EMIT_LOC_STRINGS = YES;
				SWIFT_VERSION = 5.0;
				TARGETED_DEVICE_FAMILY = "1,2";
			};
			name = Debug;
		};
		15E1C63C282369F800328451 /* Release */ = {
			isa = XCBuildConfiguration;
			buildSettings = {
				ASSETCATALOG_COMPILER_APPICON_NAME = AppIcon;
				ASSETCATALOG_COMPILER_GLOBAL_ACCENT_COLOR_NAME = AccentColor;
				CODE_SIGN_STYLE = Automatic;
				CURRENT_PROJECT_VERSION = 1;
				DEVELOPMENT_TEAM = 2Q39S762VC;
				GENERATE_INFOPLIST_FILE = YES;
				INFOPLIST_FILE = TCPServer/Info.plist;
				INFOPLIST_KEY_UIApplicationSupportsIndirectInputEvents = YES;
				INFOPLIST_KEY_UILaunchStoryboardName = LaunchScreen;
				INFOPLIST_KEY_UIMainStoryboardFile = Main;
				INFOPLIST_KEY_UISupportedInterfaceOrientations_iPad = "UIInterfaceOrientationPortrait UIInterfaceOrientationPortraitUpsideDown UIInterfaceOrientationLandscapeLeft UIInterfaceOrientationLandscapeRight";
				INFOPLIST_KEY_UISupportedInterfaceOrientations_iPhone = "UIInterfaceOrientationPortrait UIInterfaceOrientationLandscapeLeft UIInterfaceOrientationLandscapeRight";
				LD_RUNPATH_SEARCH_PATHS = (
					"$(inherited)",
					"@executable_path/Frameworks",
				);
				MARKETING_VERSION = 1.0;
				PRODUCT_BUNDLE_IDENTIFIER = com.charder.TCPServer;
				PRODUCT_NAME = "$(TARGET_NAME)";
				SWIFT_EMIT_LOC_STRINGS = YES;
				SWIFT_VERSION = 5.0;
				TARGETED_DEVICE_FAMILY = "1,2";
			};
			name = Release;
		};
/* End XCBuildConfiguration section */

/* Begin XCConfigurationList section */
		15E1C621282369F700328451 /* Build configuration list for PBXProject "TCPServer" */ = {
			isa = XCConfigurationList;
			buildConfigurations = (
				15E1C638282369F800328451 /* Debug */,
				15E1C639282369F800328451 /* Release */,
			);
			defaultConfigurationIsVisible = 0;
			defaultConfigurationName = Release;
		};
		15E1C63A282369F800328451 /* Build configuration list for PBXNativeTarget "TCPServer" */ = {
			isa = XCConfigurationList;
			buildConfigurations = (
				15E1C63B282369F800328451 /* Debug */,
				15E1C63C282369F800328451 /* Release */,
			);
			defaultConfigurationIsVisible = 0;
			defaultConfigurationName = Release;
		};
/* End XCConfigurationList section */
	};
	rootObject = 15E1C61E282369F700328451 /* Project object */;
}
